<?xml version="1.0" encoding="UTF-8"?>
<!DOCTYPE plist PUBLIC "-//Apple//DTD PLIST 1.0//EN" "http://www.apple.com/DTDs/PropertyList-1.0.dtd">
<plist version="1.0">
<dict>
	<key>archiveVersion</key>
	<string>1</string>
	<key>classes</key>
	<dict/>
	<key>objectVersion</key>
	<string>46</string>
	<key>objects</key>
	<dict>
		<key>058c867798c646b53504211b</key>
		<dict>
			<key>fileRef</key>
			<string>CA4A7576156C218A000E5C9B</string>
			<key>isa</key>
			<string>PBXBuildFile</string>
		</dict>
		<key>0df1436c601863db19e5dd0d</key>
		<dict>
			<key>FileEncoding</key>
			<string>4</string>
			<key>isa</key>
			<string>PBXFileReference</string>
			<key>lastKnownFileType</key>
			<string>wrapper.framework</string>
			<key>name</key>
			<string>calabash.framework</string>
			<key>path</key>
			<string>calabash.framework</string>
			<key>sourceTree</key>
			<string>&lt;group&gt;</string>
		</dict>
		<key>133a90c1c7b6e0a8e9ef577c</key>
		<dict>
			<key>buildConfigurations</key>
			<array>
				<string>94adae2c8e20052630e5834b</string>
				<string>2296d423ac04a3a1cfcbe18d</string>
			</array>
			<key>defaultConfigurationIsVisible</key>
			<string>0</string>
			<key>isa</key>
			<string>XCConfigurationList</string>
		</dict>
		<key>2296d423ac04a3a1cfcbe18d</key>
		<dict>
			<key>buildSettings</key>
			<dict>
				<key>FRAMEWORK_SEARCH_PATHS</key>
				<array>
					<string>$(inherited)</string>
					<string>"$(SRCROOT)"</string>
				</array>
				<key>GCC_PRECOMPILE_PREFIX_HEADER</key>
				<string>YES</string>
				<key>GCC_PREFIX_HEADER</key>
				<string>tdd_calc/tdd_calc-Prefix.pch</string>
				<key>INFOPLIST_FILE</key>
				<string>tdd_calc/tdd_calc-Info.plist</string>
				<key>OTHER_LDFLAGS</key>
				<array>
					<string>-force_load</string>
					<string>"$(SRCROOT)/calabash.framework/calabash"</string>
					<string>-lstdc++</string>
				</array>
				<key>PRODUCT_NAME</key>
				<string>$(TARGET_NAME)</string>
				<key>WRAPPER_EXTENSION</key>
				<string>app</string>
			</dict>
			<key>isa</key>
			<string>XCBuildConfiguration</string>
			<key>name</key>
			<string>Release</string>
		</dict>
		<key>34a41ec6b5775f7753ffb852</key>
		<dict>
			<key>buildActionMask</key>
			<string>2147483647</string>
			<key>files</key>
			<array>
				<string>b0d640c53bf1d5d7bfc196e9</string>
				<string>f09f7ff47042fd524aaee204</string>
				<string>63775b71630b1cbc515f181f</string>
				<string>3e9708539b4bfb7662cad5a8</string>
				<string>c135a5d5516b879338f061b0</string>
			</array>
			<key>isa</key>
			<string>PBXFrameworksBuildPhase</string>
			<key>runOnlyForDeploymentPostprocessing</key>
			<string>0</string>
		</dict>
		<key>3e9708539b4bfb7662cad5a8</key>
		<dict>
			<key>fileRef</key>
			<string>945800b596537fce4cd5d25a</string>
			<key>isa</key>
			<string>PBXBuildFile</string>
		</dict>
		<key>5543e6e19316f0bb2ab2134c</key>
		<dict>
			<key>buildActionMask</key>
			<string>2147483647</string>
			<key>files</key>
			<array>
				<string>5d5fa71ef3f67ed4bbe7198a</string>
				<string>694e6031b231e29da95625be</string>
			</array>
			<key>isa</key>
			<string>PBXResourcesBuildPhase</string>
			<key>runOnlyForDeploymentPostprocessing</key>
			<string>0</string>
		</dict>
		<key>57a4a585b0eb9c8cfe6964b8</key>
		<dict>
			<key>fileRef</key>
			<string>CA4A7573156C218A000E5C9B</string>
			<key>isa</key>
			<string>PBXBuildFile</string>
		</dict>
		<key>5cbec358a56831fecb8d834e</key>
		<dict>
			<key>fileRef</key>
			<string>CA4A75E2156C3242000E5C9B</string>
			<key>isa</key>
			<string>PBXBuildFile</string>
		</dict>
		<key>5d5fa71ef3f67ed4bbe7198a</key>
		<dict>
			<key>fileRef</key>
			<string>CA4A756C156C218A000E5C9B</string>
			<key>isa</key>
			<string>PBXBuildFile</string>
		</dict>
		<key>63775b71630b1cbc515f181f</key>
		<dict>
			<key>fileRef</key>
			<string>CA4A7567156C218A000E5C9B</string>
			<key>isa</key>
			<string>PBXBuildFile</string>
		</dict>
		<key>694e6031b231e29da95625be</key>
		<dict>
			<key>fileRef</key>
			<string>CA4A7578156C218A000E5C9B</string>
			<key>isa</key>
			<string>PBXBuildFile</string>
		</dict>
		<key>7d12c1e3e05ff3a5b8079774</key>
		<dict>
			<key>buildActionMask</key>
			<string>2147483647</string>
			<key>files</key>
			<array>
				<string>80e7a09c2b2675356d8aa135</string>
				<string>57a4a585b0eb9c8cfe6964b8</string>
				<string>058c867798c646b53504211b</string>
				<string>5cbec358a56831fecb8d834e</string>
			</array>
			<key>isa</key>
			<string>PBXSourcesBuildPhase</string>
			<key>runOnlyForDeploymentPostprocessing</key>
			<string>0</string>
		</dict>
		<key>80e7a09c2b2675356d8aa135</key>
		<dict>
			<key>fileRef</key>
			<string>CA4A756F156C218A000E5C9B</string>
			<key>isa</key>
			<string>PBXBuildFile</string>
		</dict>
		<key>945800b596537fce4cd5d25a</key>
		<dict>
			<key>FileEncoding</key>
			<string>4</string>
			<key>isa</key>
			<string>PBXFileReference</string>
			<key>lastKnownFileType</key>
			<string>wrapper.framework</string>
			<key>name</key>
			<string>CFNetwork.framework</string>
			<key>path</key>
			<string>System/Library/Frameworks/CFNetwork.framework</string>
			<key>sourceTree</key>
			<string>SDKROOT</string>
		</dict>
		<key>94adae2c8e20052630e5834b</key>
		<dict>
			<key>buildSettings</key>
			<dict>
				<key>FRAMEWORK_SEARCH_PATHS</key>
				<array>
					<string>$(inherited)</string>
					<string>"$(SRCROOT)"</string>
				</array>
				<key>GCC_PRECOMPILE_PREFIX_HEADER</key>
				<string>YES</string>
				<key>GCC_PREFIX_HEADER</key>
				<string>tdd_calc/tdd_calc-Prefix.pch</string>
				<key>INFOPLIST_FILE</key>
				<string>tdd_calc/tdd_calc-Info.plist</string>
				<key>OTHER_LDFLAGS</key>
				<array>
					<string>-force_load</string>
					<string>"$(SRCROOT)/calabash.framework/calabash"</string>
					<string>-lstdc++</string>
				</array>
				<key>PRODUCT_NAME</key>
				<string>$(TARGET_NAME)</string>
				<key>WRAPPER_EXTENSION</key>
				<string>app</string>
			</dict>
			<key>isa</key>
			<string>XCBuildConfiguration</string>
			<key>name</key>
			<string>Debug</string>
		</dict>
		<key>96f721c1aaa341602c12f6fd</key>
		<dict>
			<key>buildConfigurationList</key>
			<string>133a90c1c7b6e0a8e9ef577c</string>
			<key>buildPhases</key>
			<array>
				<string>7d12c1e3e05ff3a5b8079774</string>
				<string>34a41ec6b5775f7753ffb852</string>
				<string>5543e6e19316f0bb2ab2134c</string>
			</array>
			<key>buildRules</key>
			<array/>
			<key>dependencies</key>
			<array/>
			<key>isa</key>
			<string>PBXNativeTarget</string>
			<key>name</key>
			<string>tdd_calc-cal</string>
			<key>productName</key>
			<string>tdd_calc-cal</string>
			<key>productReference</key>
			<string>e49b861750a913a65da50c90</string>
			<key>productType</key>
			<string>com.apple.product-type.application</string>
		</dict>
		<key>CA4A7554156C218A000E5C9B</key>
		<dict>
			<key>children</key>
			<array>
				<string>CA4A7569156C218A000E5C9B</string>
				<string>CA4A75C5156C298E000E5C9B</string>
				<string>CA4A7562156C218A000E5C9B</string>
				<string>CA4A7560156C218A000E5C9B</string>
			</array>
			<key>isa</key>
			<string>PBXGroup</string>
			<key>sourceTree</key>
			<string>&lt;group&gt;</string>
		</dict>
		<key>CA4A7556156C218A000E5C9B</key>
		<dict>
			<key>attributes</key>
			<dict>
				<key>LastUpgradeCheck</key>
				<string>0430</string>
				<key>ORGANIZATIONNAME</key>
				<string>CoreInvader</string>
			</dict>
			<key>buildConfigurationList</key>
			<string>CA4A7559156C218A000E5C9B</string>
			<key>compatibilityVersion</key>
			<string>Xcode 3.2</string>
			<key>developmentRegion</key>
			<string>English</string>
			<key>hasScannedForEncodings</key>
			<string>0</string>
			<key>isa</key>
			<string>PBXProject</string>
			<key>knownRegions</key>
			<array>
				<string>en</string>
			</array>
			<key>mainGroup</key>
			<string>CA4A7554156C218A000E5C9B</string>
			<key>productRefGroup</key>
			<string>CA4A7560156C218A000E5C9B</string>
			<key>projectDirPath</key>
			<string></string>
			<key>projectRoot</key>
			<string></string>
			<key>targets</key>
			<array>
				<string>CA4A755E156C218A000E5C9B</string>
				<string>CA4A75BF156C298E000E5C9B</string>
				<string>96f721c1aaa341602c12f6fd</string>
			</array>
		</dict>
		<key>CA4A7559156C218A000E5C9B</key>
		<dict>
			<key>buildConfigurations</key>
			<array>
				<string>CA4A757B156C218A000E5C9B</string>
				<string>CA4A757C156C218A000E5C9B</string>
			</array>
			<key>defaultConfigurationIsVisible</key>
			<string>0</string>
			<key>defaultConfigurationName</key>
			<string>Release</string>
			<key>isa</key>
			<string>XCConfigurationList</string>
		</dict>
		<key>CA4A755B156C218A000E5C9B</key>
		<dict>
			<key>buildActionMask</key>
			<string>2147483647</string>
			<key>files</key>
			<array>
				<string>CA4A7570156C218A000E5C9B</string>
				<string>CA4A7574156C218A000E5C9B</string>
				<string>CA4A7577156C218A000E5C9B</string>
				<string>CA4A75E3156C3242000E5C9B</string>
			</array>
			<key>isa</key>
			<string>PBXSourcesBuildPhase</string>
			<key>runOnlyForDeploymentPostprocessing</key>
			<string>0</string>
		</dict>
		<key>CA4A755C156C218A000E5C9B</key>
		<dict>
			<key>buildActionMask</key>
			<string>2147483647</string>
			<key>files</key>
			<array>
				<string>CA4A7564156C218A000E5C9B</string>
				<string>CA4A7566156C218A000E5C9B</string>
				<string>CA4A7568156C218A000E5C9B</string>
			</array>
			<key>isa</key>
			<string>PBXFrameworksBuildPhase</string>
			<key>runOnlyForDeploymentPostprocessing</key>
			<string>0</string>
		</dict>
		<key>CA4A755D156C218A000E5C9B</key>
		<dict>
			<key>buildActionMask</key>
			<string>2147483647</string>
			<key>files</key>
			<array>
				<string>CA4A756E156C218A000E5C9B</string>
				<string>CA4A757A156C218A000E5C9B</string>
			</array>
			<key>isa</key>
			<string>PBXResourcesBuildPhase</string>
			<key>runOnlyForDeploymentPostprocessing</key>
			<string>0</string>
		</dict>
		<key>CA4A755E156C218A000E5C9B</key>
		<dict>
			<key>buildConfigurationList</key>
			<string>CA4A757D156C218A000E5C9B</string>
			<key>buildPhases</key>
			<array>
				<string>CA4A755B156C218A000E5C9B</string>
				<string>CA4A755C156C218A000E5C9B</string>
				<string>CA4A755D156C218A000E5C9B</string>
			</array>
			<key>buildRules</key>
			<array/>
			<key>dependencies</key>
			<array/>
			<key>isa</key>
			<string>PBXNativeTarget</string>
			<key>name</key>
			<string>tdd_calc</string>
			<key>productName</key>
			<string>tdd_calc</string>
			<key>productReference</key>
			<string>CA4A755F156C218A000E5C9B</string>
			<key>productType</key>
			<string>com.apple.product-type.application</string>
		</dict>
		<key>CA4A755F156C218A000E5C9B</key>
		<dict>
			<key>explicitFileType</key>
			<string>wrapper.application</string>
			<key>includeInIndex</key>
			<string>0</string>
			<key>isa</key>
			<string>PBXFileReference</string>
			<key>path</key>
			<string>tdd_calc.app</string>
			<key>sourceTree</key>
			<string>BUILT_PRODUCTS_DIR</string>
		</dict>
		<key>CA4A7560156C218A000E5C9B</key>
		<dict>
			<key>children</key>
			<array>
				<string>CA4A755F156C218A000E5C9B</string>
				<string>CA4A75C0156C298E000E5C9B</string>
			</array>
			<key>isa</key>
			<string>PBXGroup</string>
			<key>name</key>
			<string>Products</string>
			<key>sourceTree</key>
			<string>&lt;group&gt;</string>
		</dict>
		<key>CA4A7562156C218A000E5C9B</key>
		<dict>
			<key>children</key>
			<array>
				<string>CA4A75A2156C26CD000E5C9B</string>
				<string>CA4A7563156C218A000E5C9B</string>
				<string>CA4A7565156C218A000E5C9B</string>
				<string>CA4A7567156C218A000E5C9B</string>
				<string>945800b596537fce4cd5d25a</string>
				<string>0df1436c601863db19e5dd0d</string>
			</array>
			<key>isa</key>
			<string>PBXGroup</string>
			<key>name</key>
			<string>Frameworks</string>
			<key>path</key>
			<string></string>
			<key>sourceTree</key>
			<string>&lt;group&gt;</string>
		</dict>
		<key>CA4A7563156C218A000E5C9B</key>
		<dict>
			<key>isa</key>
			<string>PBXFileReference</string>
			<key>lastKnownFileType</key>
			<string>wrapper.framework</string>
			<key>name</key>
			<string>UIKit.framework</string>
			<key>path</key>
			<string>System/Library/Frameworks/UIKit.framework</string>
			<key>sourceTree</key>
			<string>SDKROOT</string>
		</dict>
		<key>CA4A7564156C218A000E5C9B</key>
		<dict>
			<key>fileRef</key>
			<string>CA4A7563156C218A000E5C9B</string>
			<key>isa</key>
			<string>PBXBuildFile</string>
		</dict>
		<key>CA4A7565156C218A000E5C9B</key>
		<dict>
			<key>isa</key>
			<string>PBXFileReference</string>
			<key>lastKnownFileType</key>
			<string>wrapper.framework</string>
			<key>name</key>
			<string>Foundation.framework</string>
			<key>path</key>
			<string>System/Library/Frameworks/Foundation.framework</string>
			<key>sourceTree</key>
			<string>SDKROOT</string>
		</dict>
		<key>CA4A7566156C218A000E5C9B</key>
		<dict>
			<key>fileRef</key>
			<string>CA4A7565156C218A000E5C9B</string>
			<key>isa</key>
			<string>PBXBuildFile</string>
		</dict>
		<key>CA4A7567156C218A000E5C9B</key>
		<dict>
			<key>isa</key>
			<string>PBXFileReference</string>
			<key>lastKnownFileType</key>
			<string>wrapper.framework</string>
			<key>name</key>
			<string>CoreGraphics.framework</string>
			<key>path</key>
			<string>System/Library/Frameworks/CoreGraphics.framework</string>
			<key>sourceTree</key>
			<string>SDKROOT</string>
		</dict>
		<key>CA4A7568156C218A000E5C9B</key>
		<dict>
			<key>fileRef</key>
			<string>CA4A7567156C218A000E5C9B</string>
			<key>isa</key>
			<string>PBXBuildFile</string>
		</dict>
		<key>CA4A7569156C218A000E5C9B</key>
		<dict>
			<key>children</key>
			<array>
				<string>CA4A7581156C21A4000E5C9B</string>
				<string>CA4A7580156C219C000E5C9B</string>
				<string>CA4A756A156C218A000E5C9B</string>
			</array>
			<key>isa</key>
			<string>PBXGroup</string>
			<key>path</key>
			<string>tdd_calc</string>
			<key>sourceTree</key>
			<string>&lt;group&gt;</string>
		</dict>
		<key>CA4A756A156C218A000E5C9B</key>
		<dict>
			<key>children</key>
			<array>
				<string>CA4A756B156C218A000E5C9B</string>
				<string>CA4A756C156C218A000E5C9B</string>
				<string>CA4A756F156C218A000E5C9B</string>
				<string>CA4A7571156C218A000E5C9B</string>
			</array>
			<key>isa</key>
			<string>PBXGroup</string>
			<key>name</key>
			<string>Supporting Files</string>
			<key>sourceTree</key>
			<string>&lt;group&gt;</string>
		</dict>
		<key>CA4A756B156C218A000E5C9B</key>
		<dict>
			<key>isa</key>
			<string>PBXFileReference</string>
			<key>lastKnownFileType</key>
			<string>text.plist.xml</string>
			<key>path</key>
			<string>tdd_calc-Info.plist</string>
			<key>sourceTree</key>
			<string>&lt;group&gt;</string>
		</dict>
		<key>CA4A756C156C218A000E5C9B</key>
		<dict>
			<key>children</key>
			<array>
				<string>CA4A756D156C218A000E5C9B</string>
			</array>
			<key>isa</key>
			<string>PBXVariantGroup</string>
			<key>name</key>
			<string>InfoPlist.strings</string>
			<key>sourceTree</key>
			<string>&lt;group&gt;</string>
		</dict>
		<key>CA4A756D156C218A000E5C9B</key>
		<dict>
			<key>isa</key>
			<string>PBXFileReference</string>
			<key>lastKnownFileType</key>
			<string>text.plist.strings</string>
			<key>name</key>
			<string>en</string>
			<key>path</key>
			<string>en.lproj/InfoPlist.strings</string>
			<key>sourceTree</key>
			<string>&lt;group&gt;</string>
		</dict>
		<key>CA4A756E156C218A000E5C9B</key>
		<dict>
			<key>fileRef</key>
			<string>CA4A756C156C218A000E5C9B</string>
			<key>isa</key>
			<string>PBXBuildFile</string>
		</dict>
		<key>CA4A756F156C218A000E5C9B</key>
		<dict>
			<key>isa</key>
			<string>PBXFileReference</string>
			<key>lastKnownFileType</key>
			<string>sourcecode.c.objc</string>
			<key>path</key>
			<string>main.m</string>
			<key>sourceTree</key>
			<string>&lt;group&gt;</string>
		</dict>
		<key>CA4A7570156C218A000E5C9B</key>
		<dict>
			<key>fileRef</key>
			<string>CA4A756F156C218A000E5C9B</string>
			<key>isa</key>
			<string>PBXBuildFile</string>
		</dict>
		<key>CA4A7571156C218A000E5C9B</key>
		<dict>
			<key>isa</key>
			<string>PBXFileReference</string>
			<key>lastKnownFileType</key>
			<string>sourcecode.c.h</string>
			<key>path</key>
			<string>tdd_calc-Prefix.pch</string>
			<key>sourceTree</key>
			<string>&lt;group&gt;</string>
		</dict>
		<key>CA4A7572156C218A000E5C9B</key>
		<dict>
			<key>isa</key>
			<string>PBXFileReference</string>
			<key>lastKnownFileType</key>
			<string>sourcecode.c.h</string>
			<key>path</key>
			<string>AppDelegate.h</string>
			<key>sourceTree</key>
			<string>&lt;group&gt;</string>
		</dict>
		<key>CA4A7573156C218A000E5C9B</key>
		<dict>
			<key>isa</key>
			<string>PBXFileReference</string>
			<key>lastKnownFileType</key>
			<string>sourcecode.c.objc</string>
			<key>path</key>
			<string>AppDelegate.m</string>
			<key>sourceTree</key>
			<string>&lt;group&gt;</string>
		</dict>
		<key>CA4A7574156C218A000E5C9B</key>
		<dict>
			<key>fileRef</key>
			<string>CA4A7573156C218A000E5C9B</string>
			<key>isa</key>
			<string>PBXBuildFile</string>
		</dict>
		<key>CA4A7575156C218A000E5C9B</key>
		<dict>
			<key>isa</key>
			<string>PBXFileReference</string>
			<key>lastKnownFileType</key>
			<string>sourcecode.c.h</string>
			<key>path</key>
			<string>ViewController.h</string>
			<key>sourceTree</key>
			<string>&lt;group&gt;</string>
		</dict>
		<key>CA4A7576156C218A000E5C9B</key>
		<dict>
			<key>isa</key>
			<string>PBXFileReference</string>
			<key>lastKnownFileType</key>
			<string>sourcecode.c.objc</string>
			<key>path</key>
			<string>ViewController.m</string>
			<key>sourceTree</key>
			<string>&lt;group&gt;</string>
		</dict>
		<key>CA4A7577156C218A000E5C9B</key>
		<dict>
			<key>fileRef</key>
			<string>CA4A7576156C218A000E5C9B</string>
			<key>isa</key>
			<string>PBXBuildFile</string>
		</dict>
		<key>CA4A7578156C218A000E5C9B</key>
		<dict>
			<key>children</key>
			<array>
				<string>CA4A7579156C218A000E5C9B</string>
			</array>
			<key>isa</key>
			<string>PBXVariantGroup</string>
			<key>name</key>
			<string>ViewController.xib</string>
			<key>sourceTree</key>
			<string>&lt;group&gt;</string>
		</dict>
		<key>CA4A7579156C218A000E5C9B</key>
		<dict>
			<key>isa</key>
			<string>PBXFileReference</string>
			<key>lastKnownFileType</key>
			<string>file.xib</string>
			<key>name</key>
			<string>en</string>
			<key>path</key>
			<string>en.lproj/ViewController.xib</string>
			<key>sourceTree</key>
			<string>&lt;group&gt;</string>
		</dict>
		<key>CA4A757A156C218A000E5C9B</key>
		<dict>
			<key>fileRef</key>
			<string>CA4A7578156C218A000E5C9B</string>
			<key>isa</key>
			<string>PBXBuildFile</string>
		</dict>
		<key>CA4A757B156C218A000E5C9B</key>
		<dict>
			<key>buildSettings</key>
			<dict>
				<key>ALWAYS_SEARCH_USER_PATHS</key>
				<string>NO</string>
				<key>ARCHS</key>
				<string>$(ARCHS_STANDARD_32_BIT)</string>
				<key>CODE_SIGN_IDENTITY[sdk=iphoneos*]</key>
				<string>iPhone Developer</string>
				<key>COPY_PHASE_STRIP</key>
				<string>NO</string>
				<key>GCC_C_LANGUAGE_STANDARD</key>
				<string>gnu99</string>
				<key>GCC_DYNAMIC_NO_PIC</key>
				<string>NO</string>
				<key>GCC_OPTIMIZATION_LEVEL</key>
				<string>0</string>
				<key>GCC_PREPROCESSOR_DEFINITIONS</key>
				<array>
					<string>DEBUG=1</string>
					<string>$(inherited)</string>
				</array>
				<key>GCC_SYMBOLS_PRIVATE_EXTERN</key>
				<string>NO</string>
				<key>GCC_VERSION</key>
				<string>com.apple.compilers.llvm.clang.1_0</string>
				<key>GCC_WARN_ABOUT_RETURN_TYPE</key>
				<string>YES</string>
				<key>GCC_WARN_UNINITIALIZED_AUTOS</key>
				<string>YES</string>
				<key>GCC_WARN_UNUSED_VARIABLE</key>
				<string>YES</string>
				<key>IPHONEOS_DEPLOYMENT_TARGET</key>
				<string>5.1</string>
				<key>SDKROOT</key>
				<string>iphoneos</string>
			</dict>
			<key>isa</key>
			<string>XCBuildConfiguration</string>
			<key>name</key>
			<string>Debug</string>
		</dict>
		<key>CA4A757C156C218A000E5C9B</key>
		<dict>
			<key>buildSettings</key>
			<dict>
				<key>ALWAYS_SEARCH_USER_PATHS</key>
				<string>NO</string>
				<key>ARCHS</key>
				<string>$(ARCHS_STANDARD_32_BIT)</string>
				<key>CODE_SIGN_IDENTITY[sdk=iphoneos*]</key>
				<string>iPhone Developer</string>
				<key>COPY_PHASE_STRIP</key>
				<string>YES</string>
				<key>GCC_C_LANGUAGE_STANDARD</key>
				<string>gnu99</string>
				<key>GCC_VERSION</key>
				<string>com.apple.compilers.llvm.clang.1_0</string>
				<key>GCC_WARN_ABOUT_RETURN_TYPE</key>
				<string>YES</string>
				<key>GCC_WARN_UNINITIALIZED_AUTOS</key>
				<string>YES</string>
				<key>GCC_WARN_UNUSED_VARIABLE</key>
				<string>YES</string>
				<key>IPHONEOS_DEPLOYMENT_TARGET</key>
				<string>5.1</string>
				<key>OTHER_CFLAGS</key>
				<string>-DNS_BLOCK_ASSERTIONS=1</string>
				<key>SDKROOT</key>
				<string>iphoneos</string>
				<key>VALIDATE_PRODUCT</key>
				<string>YES</string>
			</dict>
			<key>isa</key>
			<string>XCBuildConfiguration</string>
			<key>name</key>
			<string>Release</string>
		</dict>
		<key>CA4A757D156C218A000E5C9B</key>
		<dict>
			<key>buildConfigurations</key>
			<array>
				<string>CA4A757E156C218A000E5C9B</string>
				<string>CA4A757F156C218A000E5C9B</string>
			</array>
			<key>defaultConfigurationIsVisible</key>
			<string>0</string>
			<key>isa</key>
			<string>XCConfigurationList</string>
		</dict>
		<key>CA4A757E156C218A000E5C9B</key>
		<dict>
			<key>buildSettings</key>
			<dict>
				<key>GCC_PRECOMPILE_PREFIX_HEADER</key>
				<string>YES</string>
				<key>GCC_PREFIX_HEADER</key>
				<string>tdd_calc/tdd_calc-Prefix.pch</string>
				<key>INFOPLIST_FILE</key>
				<string>tdd_calc/tdd_calc-Info.plist</string>
				<key>PRODUCT_NAME</key>
				<string>$(TARGET_NAME)</string>
				<key>WRAPPER_EXTENSION</key>
				<string>app</string>
			</dict>
			<key>isa</key>
			<string>XCBuildConfiguration</string>
			<key>name</key>
			<string>Debug</string>
		</dict>
		<key>CA4A757F156C218A000E5C9B</key>
		<dict>
			<key>buildSettings</key>
			<dict>
				<key>GCC_PRECOMPILE_PREFIX_HEADER</key>
				<string>YES</string>
				<key>GCC_PREFIX_HEADER</key>
				<string>tdd_calc/tdd_calc-Prefix.pch</string>
				<key>INFOPLIST_FILE</key>
				<string>tdd_calc/tdd_calc-Info.plist</string>
				<key>PRODUCT_NAME</key>
				<string>$(TARGET_NAME)</string>
				<key>WRAPPER_EXTENSION</key>
				<string>app</string>
			</dict>
			<key>isa</key>
			<string>XCBuildConfiguration</string>
			<key>name</key>
			<string>Release</string>
		</dict>
		<key>CA4A7580156C219C000E5C9B</key>
		<dict>
			<key>children</key>
			<array>
				<string>CA4A75E0156C3222000E5C9B</string>
				<string>CA4A7583156C21B0000E5C9B</string>
				<string>CA4A7582156C21AA000E5C9B</string>
			</array>
			<key>isa</key>
			<string>PBXGroup</string>
			<key>name</key>
			<string>Classes</string>
			<key>sourceTree</key>
			<string>&lt;group&gt;</string>
		</dict>
		<key>CA4A7581156C21A4000E5C9B</key>
		<dict>
			<key>children</key>
			<array>
				<string>CA4A7578156C218A000E5C9B</string>
			</array>
			<key>isa</key>
			<string>PBXGroup</string>
			<key>name</key>
			<string>Resources</string>
			<key>sourceTree</key>
			<string>&lt;group&gt;</string>
		</dict>
		<key>CA4A7582156C21AA000E5C9B</key>
		<dict>
			<key>children</key>
			<array>
				<string>CA4A7575156C218A000E5C9B</string>
				<string>CA4A7576156C218A000E5C9B</string>
			</array>
			<key>isa</key>
			<string>PBXGroup</string>
			<key>name</key>
			<string>Controllers</string>
			<key>sourceTree</key>
			<string>&lt;group&gt;</string>
		</dict>
		<key>CA4A7583156C21B0000E5C9B</key>
		<dict>
			<key>children</key>
			<array>
				<string>CA4A7572156C218A000E5C9B</string>
				<string>CA4A7573156C218A000E5C9B</string>
			</array>
			<key>isa</key>
			<string>PBXGroup</string>
			<key>name</key>
			<string>AppDelegate</string>
			<key>sourceTree</key>
			<string>&lt;group&gt;</string>
		</dict>
		<key>CA4A75A2156C26CD000E5C9B</key>
		<dict>
			<key>isa</key>
			<string>PBXFileReference</string>
			<key>lastKnownFileType</key>
			<string>wrapper.framework</string>
			<key>name</key>
			<string>Cedar-iOS.framework</string>
			<key>path</key>
			<string>/opt/cedar/cedar/build/Release-iphoneuniversal/Cedar-iOS.framework</string>
			<key>sourceTree</key>
			<string>&lt;absolute&gt;</string>
		</dict>
		<key>CA4A75BC156C298E000E5C9B</key>
		<dict>
			<key>buildActionMask</key>
			<string>2147483647</string>
			<key>files</key>
			<array>
				<string>CA4A75CC156C298E000E5C9B</string>
				<string>CA4A75DD156C2D02000E5C9B</string>
				<string>CA4A75DF156C30A9000E5C9B</string>
				<string>CA4A75E4156C3242000E5C9B</string>
			</array>
			<key>isa</key>
			<string>PBXSourcesBuildPhase</string>
			<key>runOnlyForDeploymentPostprocessing</key>
			<string>0</string>
		</dict>
		<key>CA4A75BD156C298E000E5C9B</key>
		<dict>
			<key>buildActionMask</key>
			<string>2147483647</string>
			<key>files</key>
			<array>
				<string>CA4A75D4156C29CE000E5C9B</string>
				<string>CA4A75C2156C298E000E5C9B</string>
				<string>CA4A75C3156C298E000E5C9B</string>
				<string>CA4A75C4156C298E000E5C9B</string>
			</array>
			<key>isa</key>
			<string>PBXFrameworksBuildPhase</string>
			<key>runOnlyForDeploymentPostprocessing</key>
			<string>0</string>
		</dict>
		<key>CA4A75BE156C298E000E5C9B</key>
		<dict>
			<key>buildActionMask</key>
			<string>2147483647</string>
			<key>files</key>
			<array>
				<string>CA4A75CA156C298E000E5C9B</string>
			</array>
			<key>isa</key>
			<string>PBXResourcesBuildPhase</string>
			<key>runOnlyForDeploymentPostprocessing</key>
			<string>0</string>
		</dict>
		<key>CA4A75BF156C298E000E5C9B</key>
		<dict>
			<key>buildConfigurationList</key>
			<string>CA4A75D1156C298E000E5C9B</string>
			<key>buildPhases</key>
			<array>
				<string>CA4A75BC156C298E000E5C9B</string>
				<string>CA4A75BD156C298E000E5C9B</string>
				<string>CA4A75BE156C298E000E5C9B</string>
			</array>
			<key>buildRules</key>
			<array/>
			<key>dependencies</key>
			<array/>
			<key>isa</key>
			<string>PBXNativeTarget</string>
			<key>name</key>
			<string>UnitTests</string>
			<key>productName</key>
			<string>UnitTests</string>
			<key>productReference</key>
			<string>CA4A75C0156C298E000E5C9B</string>
			<key>productType</key>
			<string>com.apple.product-type.application</string>
		</dict>
		<key>CA4A75C0156C298E000E5C9B</key>
		<dict>
			<key>explicitFileType</key>
			<string>wrapper.application</string>
			<key>includeInIndex</key>
			<string>0</string>
			<key>isa</key>
			<string>PBXFileReference</string>
			<key>path</key>
			<string>UnitTests.app</string>
			<key>sourceTree</key>
			<string>BUILT_PRODUCTS_DIR</string>
		</dict>
		<key>CA4A75C2156C298E000E5C9B</key>
		<dict>
			<key>fileRef</key>
			<string>CA4A7563156C218A000E5C9B</string>
			<key>isa</key>
			<string>PBXBuildFile</string>
		</dict>
		<key>CA4A75C3156C298E000E5C9B</key>
		<dict>
			<key>fileRef</key>
			<string>CA4A7565156C218A000E5C9B</string>
			<key>isa</key>
			<string>PBXBuildFile</string>
		</dict>
		<key>CA4A75C4156C298E000E5C9B</key>
		<dict>
			<key>fileRef</key>
			<string>CA4A7567156C218A000E5C9B</string>
			<key>isa</key>
			<string>PBXBuildFile</string>
		</dict>
		<key>CA4A75C5156C298E000E5C9B</key>
		<dict>
			<key>children</key>
			<array>
				<string>CA4A75DA156C2C4A000E5C9B</string>
				<string>CA4A75C6156C298E000E5C9B</string>
			</array>
			<key>isa</key>
			<string>PBXGroup</string>
			<key>path</key>
			<string>UnitTests</string>
			<key>sourceTree</key>
			<string>&lt;group&gt;</string>
		</dict>
		<key>CA4A75C6156C298E000E5C9B</key>
		<dict>
			<key>children</key>
			<array>
				<string>CA4A75C7156C298E000E5C9B</string>
				<string>CA4A75C8156C298E000E5C9B</string>
				<string>CA4A75CB156C298E000E5C9B</string>
				<string>CA4A75CD156C298E000E5C9B</string>
			</array>
			<key>isa</key>
			<string>PBXGroup</string>
			<key>name</key>
			<string>Supporting Files</string>
			<key>sourceTree</key>
			<string>&lt;group&gt;</string>
		</dict>
		<key>CA4A75C7156C298E000E5C9B</key>
		<dict>
			<key>isa</key>
			<string>PBXFileReference</string>
			<key>lastKnownFileType</key>
			<string>text.plist.xml</string>
			<key>path</key>
			<string>UnitTests-Info.plist</string>
			<key>sourceTree</key>
			<string>&lt;group&gt;</string>
		</dict>
		<key>CA4A75C8156C298E000E5C9B</key>
		<dict>
			<key>children</key>
			<array>
				<string>CA4A75C9156C298E000E5C9B</string>
			</array>
			<key>isa</key>
			<string>PBXVariantGroup</string>
			<key>name</key>
			<string>InfoPlist.strings</string>
			<key>sourceTree</key>
			<string>&lt;group&gt;</string>
		</dict>
		<key>CA4A75C9156C298E000E5C9B</key>
		<dict>
			<key>isa</key>
			<string>PBXFileReference</string>
			<key>lastKnownFileType</key>
			<string>text.plist.strings</string>
			<key>name</key>
			<string>en</string>
			<key>path</key>
			<string>en.lproj/InfoPlist.strings</string>
			<key>sourceTree</key>
			<string>&lt;group&gt;</string>
		</dict>
		<key>CA4A75CA156C298E000E5C9B</key>
		<dict>
			<key>fileRef</key>
			<string>CA4A75C8156C298E000E5C9B</string>
			<key>isa</key>
			<string>PBXBuildFile</string>
		</dict>
		<key>CA4A75CB156C298E000E5C9B</key>
		<dict>
			<key>isa</key>
			<string>PBXFileReference</string>
			<key>lastKnownFileType</key>
			<string>sourcecode.c.objc</string>
			<key>path</key>
			<string>main.m</string>
			<key>sourceTree</key>
			<string>&lt;group&gt;</string>
		</dict>
		<key>CA4A75CC156C298E000E5C9B</key>
		<dict>
			<key>fileRef</key>
			<string>CA4A75CB156C298E000E5C9B</string>
			<key>isa</key>
			<string>PBXBuildFile</string>
		</dict>
		<key>CA4A75CD156C298E000E5C9B</key>
		<dict>
			<key>isa</key>
			<string>PBXFileReference</string>
			<key>lastKnownFileType</key>
			<string>sourcecode.c.h</string>
			<key>path</key>
			<string>UnitTests-Prefix.pch</string>
			<key>sourceTree</key>
			<string>&lt;group&gt;</string>
		</dict>
		<key>CA4A75D1156C298E000E5C9B</key>
		<dict>
			<key>buildConfigurations</key>
			<array>
				<string>CA4A75D2156C298E000E5C9B</string>
				<string>CA4A75D3156C298E000E5C9B</string>
			</array>
			<key>defaultConfigurationIsVisible</key>
			<string>0</string>
			<key>isa</key>
			<string>XCConfigurationList</string>
		</dict>
		<key>CA4A75D2156C298E000E5C9B</key>
		<dict>
			<key>buildSettings</key>
			<dict>
				<key>CODE_SIGN_IDENTITY[sdk=iphoneos*]</key>
				<string>iPhone Developer</string>
				<key>FRAMEWORK_SEARCH_PATHS</key>
				<array>
					<string>$(inherited)</string>
					<string>"/opt/cedar/cedar/build/Release-iphoneuniversal"</string>
				</array>
				<key>GCC_PRECOMPILE_PREFIX_HEADER</key>
				<string>YES</string>
				<key>GCC_PREFIX_HEADER</key>
				<string>UnitTests/UnitTests-Prefix.pch</string>
				<key>INFOPLIST_FILE</key>
				<string>UnitTests/UnitTests-Info.plist</string>
				<key>OTHER_LDFLAGS</key>
				<array>
					<string>-lstdc++</string>
					<string>-all_load</string>
					<string>-ObjC</string>
				</array>
				<key>PRODUCT_NAME</key>
				<string>$(TARGET_NAME)</string>
				<key>WRAPPER_EXTENSION</key>
				<string>app</string>
			</dict>
			<key>isa</key>
			<string>XCBuildConfiguration</string>
			<key>name</key>
			<string>Debug</string>
		</dict>
		<key>CA4A75D3156C298E000E5C9B</key>
		<dict>
			<key>buildSettings</key>
			<dict>
				<key>CODE_SIGN_IDENTITY[sdk=iphoneos*]</key>
				<string>iPhone Developer</string>
				<key>FRAMEWORK_SEARCH_PATHS</key>
				<array>
					<string>$(inherited)</string>
					<string>"/opt/cedar/cedar/build/Release-iphoneuniversal"</string>
				</array>
				<key>GCC_PRECOMPILE_PREFIX_HEADER</key>
				<string>YES</string>
				<key>GCC_PREFIX_HEADER</key>
				<string>UnitTests/UnitTests-Prefix.pch</string>
				<key>INFOPLIST_FILE</key>
				<string>UnitTests/UnitTests-Info.plist</string>
				<key>OTHER_LDFLAGS</key>
				<array>
					<string>-lstdc++</string>
					<string>-all_load</string>
					<string>-ObjC</string>
				</array>
				<key>PRODUCT_NAME</key>
				<string>$(TARGET_NAME)</string>
				<key>WRAPPER_EXTENSION</key>
				<string>app</string>
			</dict>
			<key>isa</key>
			<string>XCBuildConfiguration</string>
			<key>name</key>
			<string>Release</string>
		</dict>
		<key>CA4A75D4156C29CE000E5C9B</key>
		<dict>
			<key>fileRef</key>
			<string>CA4A75A2156C26CD000E5C9B</string>
			<key>isa</key>
			<string>PBXBuildFile</string>
		</dict>
		<key>CA4A75DA156C2C4A000E5C9B</key>
		<dict>
			<key>children</key>
			<array>
				<string>CA4A75DC156C2D02000E5C9B</string>
				<string>CA4A75DE156C30A9000E5C9B</string>
			</array>
			<key>isa</key>
			<string>PBXGroup</string>
			<key>name</key>
			<string>Specs</string>
			<key>sourceTree</key>
			<string>&lt;group&gt;</string>
		</dict>
		<key>CA4A75DC156C2D02000E5C9B</key>
		<dict>
			<key>fileEncoding</key>
			<string>4</string>
			<key>isa</key>
			<string>PBXFileReference</string>
			<key>lastKnownFileType</key>
			<string>sourcecode.cpp.objcpp</string>
			<key>path</key>
			<string>FooBar.mm</string>
			<key>sourceTree</key>
			<string>&lt;group&gt;</string>
		</dict>
		<key>CA4A75DD156C2D02000E5C9B</key>
		<dict>
			<key>fileRef</key>
			<string>CA4A75DC156C2D02000E5C9B</string>
			<key>isa</key>
			<string>PBXBuildFile</string>
		</dict>
		<key>CA4A75DE156C30A9000E5C9B</key>
		<dict>
			<key>fileEncoding</key>
			<string>4</string>
			<key>isa</key>
			<string>PBXFileReference</string>
			<key>lastKnownFileType</key>
			<string>sourcecode.cpp.objcpp</string>
			<key>path</key>
			<string>CalculationManagerSpecs.mm</string>
			<key>sourceTree</key>
			<string>&lt;group&gt;</string>
		</dict>
		<key>CA4A75DF156C30A9000E5C9B</key>
		<dict>
			<key>fileRef</key>
			<string>CA4A75DE156C30A9000E5C9B</string>
			<key>isa</key>
			<string>PBXBuildFile</string>
		</dict>
		<key>CA4A75E0156C3222000E5C9B</key>
		<dict>
			<key>children</key>
			<array>
				<string>CA4A75E1156C3242000E5C9B</string>
				<string>CA4A75E2156C3242000E5C9B</string>
			</array>
			<key>isa</key>
			<string>PBXGroup</string>
			<key>name</key>
			<string>CalculationManager</string>
			<key>sourceTree</key>
			<string>&lt;group&gt;</string>
		</dict>
		<key>CA4A75E1156C3242000E5C9B</key>
		<dict>
			<key>fileEncoding</key>
			<string>4</string>
			<key>isa</key>
			<string>PBXFileReference</string>
			<key>lastKnownFileType</key>
			<string>sourcecode.c.h</string>
			<key>path</key>
			<string>CalculationManager.h</string>
			<key>sourceTree</key>
			<string>&lt;group&gt;</string>
		</dict>
		<key>CA4A75E2156C3242000E5C9B</key>
		<dict>
			<key>fileEncoding</key>
			<string>4</string>
			<key>isa</key>
			<string>PBXFileReference</string>
			<key>lastKnownFileType</key>
			<string>sourcecode.c.objc</string>
			<key>path</key>
			<string>CalculationManager.m</string>
			<key>sourceTree</key>
			<string>&lt;group&gt;</string>
		</dict>
		<key>CA4A75E3156C3242000E5C9B</key>
		<dict>
			<key>fileRef</key>
			<string>CA4A75E2156C3242000E5C9B</string>
			<key>isa</key>
			<string>PBXBuildFile</string>
		</dict>
		<key>CA4A75E4156C3242000E5C9B</key>
		<dict>
			<key>fileRef</key>
			<string>CA4A75E2156C3242000E5C9B</string>
			<key>isa</key>
			<string>PBXBuildFile</string>
		</dict>
		<key>b0d640c53bf1d5d7bfc196e9</key>
		<dict>
			<key>fileRef</key>
			<string>CA4A7563156C218A000E5C9B</string>
			<key>isa</key>
			<string>PBXBuildFile</string>
		</dict>
		<key>c135a5d5516b879338f061b0</key>
		<dict>
			<key>fileRef</key>
			<string>0df1436c601863db19e5dd0d</string>
			<key>isa</key>
			<string>PBXBuildFile</string>
		</dict>
		<key>e49b861750a913a65da50c90</key>
		<dict>
			<key>explicitFileType</key>
			<string>wrapper.application</string>
			<key>includeInIndex</key>
			<string>0</string>
			<key>isa</key>
			<string>PBXFileReference</string>
			<key>path</key>
			<string>tdd_calc-cal.app</string>
			<key>sourceTree</key>
			<string>BUILT_PRODUCTS_DIR</string>
		</dict>
		<key>f09f7ff47042fd524aaee204</key>
		<dict>
			<key>fileRef</key>
			<string>CA4A7565156C218A000E5C9B</string>
			<key>isa</key>
			<string>PBXBuildFile</string>
		</dict>
	</dict>
	<key>rootObject</key>
	<string>CA4A7556156C218A000E5C9B</string>
</dict>
</plist>
